
Microsoft Visual Studio Solution File, Format Version 12.00
# Visual Studio Version 16
VisualStudioVersion = 16.0.30523.141
MinimumVisualStudioVersion = 10.0.40219.1
Project("{FAE04EC0-301F-11D3-BF4B-00C04F79EFBC}") = "ChallengeApp", "ChallengeApp\ChallengeApp.csproj", "{38D41274-063E-4C8D-A748-C018FFF0EB34}"
EndProject
Project("{FAE04EC0-301F-11D3-BF4B-00C04F79EFBC}") = "MenuContentsREPO", "MenuContentsREPO\MenuContentsREPO.csproj", "{E1B6F512-5FFA-45CD-85C3-62D9E4B96BC9}"
EndProject
Project("{FAE04EC0-301F-11D3-BF4B-00C04F79EFBC}") = "KomodoTEST", "KomodoTEST\KomodoTEST.csproj", "{5BE31FE4-118E-44D4-98BB-064506DE8E37}"
EndProject
Global
	GlobalSection(SolutionConfigurationPlatforms) = preSolution
		Debug|Any CPU = Debug|Any CPU
		Release|Any CPU = Release|Any CPU
	EndGlobalSection
	GlobalSection(ProjectConfigurationPlatforms) = postSolution
		{38D41274-063E-4C8D-A748-C018FFF0EB34}.Debug|Any CPU.ActiveCfg = Debug|Any CPU
		{38D41274-063E-4C8D-A748-C018FFF0EB34}.Debug|Any CPU.Build.0 = Debug|Any CPU
		{38D41274-063E-4C8D-A748-C018FFF0EB34}.Release|Any CPU.ActiveCfg = Release|Any CPU
		{38D41274-063E-4C8D-A748-C018FFF0EB34}.Release|Any CPU.Build.0 = Release|Any CPU
		{E1B6F512-5FFA-45CD-85C3-62D9E4B96BC9}.Debug|Any CPU.ActiveCfg = Debug|Any CPU
		{E1B6F512-5FFA-45CD-85C3-62D9E4B96BC9}.Debug|Any CPU.Build.0 = Debug|Any CPU
		{E1B6F512-5FFA-45CD-85C3-62D9E4B96BC9}.Release|Any CPU.ActiveCfg = Release|Any CPU
		{E1B6F512-5FFA-45CD-85C3-62D9E4B96BC9}.Release|Any CPU.Build.0 = Release|Any CPU
		{5BE31FE4-118E-44D4-98BB-064506DE8E37}.Debug|Any CPU.ActiveCfg = Debug|Any CPU
		{5BE31FE4-118E-44D4-98BB-064506DE8E37}.Debug|Any CPU.Build.0 = Debug|Any CPU
		{5BE31FE4-118E-44D4-98BB-064506DE8E37}.Release|Any CPU.ActiveCfg = Release|Any CPU
		{5BE31FE4-118E-44D4-98BB-064506DE8E37}.Release|Any CPU.Build.0 = Release|Any CPU
	EndGlobalSection
	GlobalSection(SolutionProperties) = preSolution
		HideSolutionNode = FALSE
	EndGlobalSection
	GlobalSection(ExtensibilityGlobals) = postSolution
		SolutionGuid = {F0D9E9FB-FF99-45EC-B7C3-64994AD994B6}
	EndGlobalSection
EndGlobal
